
Microsoft Visual Studio Solution File, Format Version 12.00
# Visual Studio Version 16
VisualStudioVersion = 16.0.31402.337
MinimumVisualStudioVersion = 10.0.40219.1
Project("{FAE04EC0-301F-11D3-BF4B-00C04F79EFBC}") = "ListView_TreeView_Directory_View", "ListView_TreeView_Directory_View\ListView_TreeView_Directory_View.csproj", "{A3340029-2413-47AD-B868-04881015C797}"
EndProject
Global
	GlobalSection(SolutionConfigurationPlatforms) = preSolution
		Debug|Any CPU = Debug|Any CPU
		Release|Any CPU = Release|Any CPU
	EndGlobalSection
	GlobalSection(ProjectConfigurationPlatforms) = postSolution
		{A3340029-2413-47AD-B868-04881015C797}.Debug|Any CPU.ActiveCfg = Debug|Any CPU
		{A3340029-2413-47AD-B868-04881015C797}.Debug|Any CPU.Build.0 = Debug|Any CPU
		{A3340029-2413-47AD-B868-04881015C797}.Release|Any CPU.ActiveCfg = Release|Any CPU
		{A3340029-2413-47AD-B868-04881015C797}.Release|Any CPU.Build.0 = Release|Any CPU
	EndGlobalSection
	GlobalSection(SolutionProperties) = preSolution
		HideSolutionNode = FALSE
	EndGlobalSection
	GlobalSection(ExtensibilityGlobals) = postSolution
		SolutionGuid = {BFFD7066-1C4F-4444-84A0-A76176CACEEA}
	EndGlobalSection
EndGlobal
