
Microsoft Visual Studio Solution File, Format Version 12.00
# Visual Studio Version 16
VisualStudioVersion = 16.0.30621.155
MinimumVisualStudioVersion = 10.0.40219.1
Project("{FAE04EC0-301F-11D3-BF4B-00C04F79EFBC}") = "UpdateSentencase", "UpdateSentencase.csproj", "{0CD0F411-EA31-4E8A-9A52-94CAB5490069}"
EndProject
Project("{54435603-DBB4-11D2-8724-00A0C9A8B90C}") = "Setup", "..\Setup\Setup.vdproj", "{8035A5BE-DC96-4D16-94A0-243491B2C052}"
EndProject
Global
	GlobalSection(SolutionConfigurationPlatforms) = preSolution
		Debug|Any CPU = Debug|Any CPU
		Release|Any CPU = Release|Any CPU
	EndGlobalSection
	GlobalSection(ProjectConfigurationPlatforms) = postSolution
		{0CD0F411-EA31-4E8A-9A52-94CAB5490069}.Debug|Any CPU.ActiveCfg = Debug|Any CPU
		{0CD0F411-EA31-4E8A-9A52-94CAB5490069}.Debug|Any CPU.Build.0 = Debug|Any CPU
		{0CD0F411-EA31-4E8A-9A52-94CAB5490069}.Release|Any CPU.ActiveCfg = Release|Any CPU
		{0CD0F411-EA31-4E8A-9A52-94CAB5490069}.Release|Any CPU.Build.0 = Release|Any CPU
		{8035A5BE-DC96-4D16-94A0-243491B2C052}.Debug|Any CPU.ActiveCfg = Debug
		{8035A5BE-DC96-4D16-94A0-243491B2C052}.Release|Any CPU.ActiveCfg = Release
	EndGlobalSection
	GlobalSection(SolutionProperties) = preSolution
		HideSolutionNode = FALSE
	EndGlobalSection
	GlobalSection(ExtensibilityGlobals) = postSolution
		SolutionGuid = {4CA8C003-2FEB-4373-B551-B5599E8C5618}
	EndGlobalSection
EndGlobal
