
Microsoft Visual Studio Solution File, Format Version 12.00
# Visual Studio Version 16
VisualStudioVersion = 16.0.32510.428
MinimumVisualStudioVersion = 10.0.40219.1
Project("{2150E333-8FDC-42A3-9474-1A3956D46DE8}") = "File-Transfer", "File-Transfer", "{C1C1B1D1-521B-4798-B78D-CCA6F54DC36A}"
EndProject
Project("{FAE04EC0-301F-11D3-BF4B-00C04F79EFBC}") = "file transfer", "File-Transfer\file transfer\file transfer.csproj", "{9196281B-5684-48FF-9529-5E502A94068D}"
EndProject
Project("{2150E333-8FDC-42A3-9474-1A3956D46DE8}") = "Chat-Application", "Chat-Application", "{1F4FB474-B24E-498A-AA50-A33516AC53A4}"
EndProject
Project("{FAE04EC0-301F-11D3-BF4B-00C04F79EFBC}") = "ServerInterface", "Chat-Application\ServerInterface\ServerInterface.csproj", "{AE2853BD-5F2E-45EF-97C4-430A7EE38292}"
EndProject
Project("{FAE04EC0-301F-11D3-BF4B-00C04F79EFBC}") = "ServerBL", "Chat-Application\ServerBI\ServerBL.csproj", "{68ADBA17-0D30-428C-ABAD-839517257566}"
EndProject
Project("{FAE04EC0-301F-11D3-BF4B-00C04F79EFBC}") = "CommonData", "Chat-Application\CommonTypes\CommonData.csproj", "{521BA932-6BE5-481B-A3ED-C6B2BAE91217}"
EndProject
Project("{FAE04EC0-301F-11D3-BF4B-00C04F79EFBC}") = "ClientInterface", "Chat-Application\ClientInterface\ClientInterface.csproj", "{28A08506-A557-49AF-9668-5B565768644E}"
EndProject
Project("{FAE04EC0-301F-11D3-BF4B-00C04F79EFBC}") = "ClientBL", "Chat-Application\ClientBL\ClientBL.csproj", "{F2E3DE8C-D0D2-42B9-96F8-0EC933F4F8BF}"
EndProject
Project("{2150E333-8FDC-42A3-9474-1A3956D46DE8}") = "ADDJ-Tools", "ADDJ-Tools", "{D06D4449-967B-49E0-BEF4-731898F419DF}"
EndProject
Project("{FAE04EC0-301F-11D3-BF4B-00C04F79EFBC}") = "ADDJ", "ADDJ-Tools\ADDJ\ADDJ.csproj", "{B4DED93B-15AC-4D7A-9266-94A2E791AACF}"
EndProject
Global
	GlobalSection(SolutionConfigurationPlatforms) = preSolution
		Debug|Any CPU = Debug|Any CPU
		Release|Any CPU = Release|Any CPU
	EndGlobalSection
	GlobalSection(ProjectConfigurationPlatforms) = postSolution
		{9196281B-5684-48FF-9529-5E502A94068D}.Debug|Any CPU.ActiveCfg = Debug|Any CPU
		{9196281B-5684-48FF-9529-5E502A94068D}.Debug|Any CPU.Build.0 = Debug|Any CPU
		{9196281B-5684-48FF-9529-5E502A94068D}.Release|Any CPU.ActiveCfg = Release|Any CPU
		{9196281B-5684-48FF-9529-5E502A94068D}.Release|Any CPU.Build.0 = Release|Any CPU
		{AE2853BD-5F2E-45EF-97C4-430A7EE38292}.Debug|Any CPU.ActiveCfg = Debug|Any CPU
		{AE2853BD-5F2E-45EF-97C4-430A7EE38292}.Debug|Any CPU.Build.0 = Debug|Any CPU
		{AE2853BD-5F2E-45EF-97C4-430A7EE38292}.Release|Any CPU.ActiveCfg = Release|Any CPU
		{AE2853BD-5F2E-45EF-97C4-430A7EE38292}.Release|Any CPU.Build.0 = Release|Any CPU
		{68ADBA17-0D30-428C-ABAD-839517257566}.Debug|Any CPU.ActiveCfg = Debug|Any CPU
		{68ADBA17-0D30-428C-ABAD-839517257566}.Debug|Any CPU.Build.0 = Debug|Any CPU
		{68ADBA17-0D30-428C-ABAD-839517257566}.Release|Any CPU.ActiveCfg = Release|Any CPU
		{68ADBA17-0D30-428C-ABAD-839517257566}.Release|Any CPU.Build.0 = Release|Any CPU
		{521BA932-6BE5-481B-A3ED-C6B2BAE91217}.Debug|Any CPU.ActiveCfg = Debug|Any CPU
		{521BA932-6BE5-481B-A3ED-C6B2BAE91217}.Debug|Any CPU.Build.0 = Debug|Any CPU
		{521BA932-6BE5-481B-A3ED-C6B2BAE91217}.Release|Any CPU.ActiveCfg = Release|Any CPU
		{521BA932-6BE5-481B-A3ED-C6B2BAE91217}.Release|Any CPU.Build.0 = Release|Any CPU
		{28A08506-A557-49AF-9668-5B565768644E}.Debug|Any CPU.ActiveCfg = Debug|Any CPU
		{28A08506-A557-49AF-9668-5B565768644E}.Debug|Any CPU.Build.0 = Debug|Any CPU
		{28A08506-A557-49AF-9668-5B565768644E}.Release|Any CPU.ActiveCfg = Release|Any CPU
		{28A08506-A557-49AF-9668-5B565768644E}.Release|Any CPU.Build.0 = Release|Any CPU
		{F2E3DE8C-D0D2-42B9-96F8-0EC933F4F8BF}.Debug|Any CPU.ActiveCfg = Debug|Any CPU
		{F2E3DE8C-D0D2-42B9-96F8-0EC933F4F8BF}.Debug|Any CPU.Build.0 = Debug|Any CPU
		{F2E3DE8C-D0D2-42B9-96F8-0EC933F4F8BF}.Release|Any CPU.ActiveCfg = Release|Any CPU
		{F2E3DE8C-D0D2-42B9-96F8-0EC933F4F8BF}.Release|Any CPU.Build.0 = Release|Any CPU
		{B4DED93B-15AC-4D7A-9266-94A2E791AACF}.Debug|Any CPU.ActiveCfg = Debug|Any CPU
		{B4DED93B-15AC-4D7A-9266-94A2E791AACF}.Debug|Any CPU.Build.0 = Debug|Any CPU
		{B4DED93B-15AC-4D7A-9266-94A2E791AACF}.Release|Any CPU.ActiveCfg = Release|Any CPU
		{B4DED93B-15AC-4D7A-9266-94A2E791AACF}.Release|Any CPU.Build.0 = Release|Any CPU
	EndGlobalSection
	GlobalSection(SolutionProperties) = preSolution
		HideSolutionNode = FALSE
	EndGlobalSection
	GlobalSection(NestedProjects) = preSolution
		{9196281B-5684-48FF-9529-5E502A94068D} = {C1C1B1D1-521B-4798-B78D-CCA6F54DC36A}
		{AE2853BD-5F2E-45EF-97C4-430A7EE38292} = {1F4FB474-B24E-498A-AA50-A33516AC53A4}
		{68ADBA17-0D30-428C-ABAD-839517257566} = {1F4FB474-B24E-498A-AA50-A33516AC53A4}
		{521BA932-6BE5-481B-A3ED-C6B2BAE91217} = {1F4FB474-B24E-498A-AA50-A33516AC53A4}
		{28A08506-A557-49AF-9668-5B565768644E} = {1F4FB474-B24E-498A-AA50-A33516AC53A4}
		{F2E3DE8C-D0D2-42B9-96F8-0EC933F4F8BF} = {1F4FB474-B24E-498A-AA50-A33516AC53A4}
		{B4DED93B-15AC-4D7A-9266-94A2E791AACF} = {D06D4449-967B-49E0-BEF4-731898F419DF}
	EndGlobalSection
	GlobalSection(ExtensibilityGlobals) = postSolution
		SolutionGuid = {63CC934B-0B5D-4252-BCE5-9E3D25982BFD}
	EndGlobalSection
EndGlobal
