
Microsoft Visual Studio Solution File, Format Version 12.00
# Visual Studio 15
VisualStudioVersion = 15.0.28307.572
MinimumVisualStudioVersion = 10.0.40219.1
Project("{FAE04EC0-301F-11D3-BF4B-00C04F79EFBC}") = "QLTB", "QLTB.csproj", "{8C0D25DE-9FEE-404C-AAA4-BB2778E90FFD}"
EndProject
Project("{FAE04EC0-301F-11D3-BF4B-00C04F79EFBC}") = "Class_DuLieu", "Class_DuLieu\Class_DuLieu.csproj", "{4E9E3FA4-BD41-4220-967A-F643ACBFF7F9}"
EndProject
Project("{FAE04EC0-301F-11D3-BF4B-00C04F79EFBC}") = "Class_XuLy", "Class_XuLy\Class_XuLy.csproj", "{2DAD7C62-7C4D-4CF7-84B5-013710AD6354}"
EndProject
Global
	GlobalSection(SolutionConfigurationPlatforms) = preSolution
		Debug|Any CPU = Debug|Any CPU
		Release|Any CPU = Release|Any CPU
	EndGlobalSection
	GlobalSection(ProjectConfigurationPlatforms) = postSolution
		{8C0D25DE-9FEE-404C-AAA4-BB2778E90FFD}.Debug|Any CPU.ActiveCfg = Debug|Any CPU
		{8C0D25DE-9FEE-404C-AAA4-BB2778E90FFD}.Debug|Any CPU.Build.0 = Debug|Any CPU
		{8C0D25DE-9FEE-404C-AAA4-BB2778E90FFD}.Release|Any CPU.ActiveCfg = Release|Any CPU
		{8C0D25DE-9FEE-404C-AAA4-BB2778E90FFD}.Release|Any CPU.Build.0 = Release|Any CPU
		{4E9E3FA4-BD41-4220-967A-F643ACBFF7F9}.Debug|Any CPU.ActiveCfg = Debug|Any CPU
		{4E9E3FA4-BD41-4220-967A-F643ACBFF7F9}.Debug|Any CPU.Build.0 = Debug|Any CPU
		{4E9E3FA4-BD41-4220-967A-F643ACBFF7F9}.Release|Any CPU.ActiveCfg = Release|Any CPU
		{4E9E3FA4-BD41-4220-967A-F643ACBFF7F9}.Release|Any CPU.Build.0 = Release|Any CPU
		{2DAD7C62-7C4D-4CF7-84B5-013710AD6354}.Debug|Any CPU.ActiveCfg = Debug|Any CPU
		{2DAD7C62-7C4D-4CF7-84B5-013710AD6354}.Debug|Any CPU.Build.0 = Debug|Any CPU
		{2DAD7C62-7C4D-4CF7-84B5-013710AD6354}.Release|Any CPU.ActiveCfg = Release|Any CPU
		{2DAD7C62-7C4D-4CF7-84B5-013710AD6354}.Release|Any CPU.Build.0 = Release|Any CPU
	EndGlobalSection
	GlobalSection(SolutionProperties) = preSolution
		HideSolutionNode = FALSE
	EndGlobalSection
	GlobalSection(ExtensibilityGlobals) = postSolution
		SolutionGuid = {BFB68C00-B07B-4ABB-A99A-B014D64205C4}
	EndGlobalSection
EndGlobal
