
Microsoft Visual Studio Solution File, Format Version 12.00
# Visual Studio Version 16
VisualStudioVersion = 16.0.30804.86
MinimumVisualStudioVersion = 10.0.40219.1
Project("{FAE04EC0-301F-11D3-BF4B-00C04F79EFBC}") = "Client", "Client\Client.csproj", "{61703593-EA54-4526-83D0-787540186A9E}"
EndProject
Project("{FAE04EC0-301F-11D3-BF4B-00C04F79EFBC}") = "Server", "Server\Server.csproj", "{8F5E63FE-9923-446E-AE20-BAD5FAD6C074}"
EndProject
Global
	GlobalSection(SolutionConfigurationPlatforms) = preSolution
		Debug|Any CPU = Debug|Any CPU
		Release|Any CPU = Release|Any CPU
	EndGlobalSection
	GlobalSection(ProjectConfigurationPlatforms) = postSolution
		{61703593-EA54-4526-83D0-787540186A9E}.Debug|Any CPU.ActiveCfg = Debug|Any CPU
		{61703593-EA54-4526-83D0-787540186A9E}.Debug|Any CPU.Build.0 = Debug|Any CPU
		{61703593-EA54-4526-83D0-787540186A9E}.Release|Any CPU.ActiveCfg = Release|Any CPU
		{61703593-EA54-4526-83D0-787540186A9E}.Release|Any CPU.Build.0 = Release|Any CPU
		{8F5E63FE-9923-446E-AE20-BAD5FAD6C074}.Debug|Any CPU.ActiveCfg = Debug|Any CPU
		{8F5E63FE-9923-446E-AE20-BAD5FAD6C074}.Debug|Any CPU.Build.0 = Debug|Any CPU
		{8F5E63FE-9923-446E-AE20-BAD5FAD6C074}.Release|Any CPU.ActiveCfg = Release|Any CPU
		{8F5E63FE-9923-446E-AE20-BAD5FAD6C074}.Release|Any CPU.Build.0 = Release|Any CPU
	EndGlobalSection
	GlobalSection(SolutionProperties) = preSolution
		HideSolutionNode = FALSE
	EndGlobalSection
	GlobalSection(ExtensibilityGlobals) = postSolution
		SolutionGuid = {FE4FA5F8-9EB8-4127-ADC0-9877E27C8C3C}
	EndGlobalSection
EndGlobal
