
Microsoft Visual Studio Solution File, Format Version 12.00
# Visual Studio Version 17
VisualStudioVersion = 17.0.32126.317
MinimumVisualStudioVersion = 10.0.40219.1
Project("{FAE04EC0-301F-11D3-BF4B-00C04F79EFBC}") = "DXApplication", "DXApplication\DXApplication.csproj", "{4BA8C695-3764-4FF1-8DE9-96AE4A206CBD}"
EndProject
Global
	GlobalSection(SolutionConfigurationPlatforms) = preSolution
		Debug|Any CPU = Debug|Any CPU
		Release|Any CPU = Release|Any CPU
	EndGlobalSection
	GlobalSection(ProjectConfigurationPlatforms) = postSolution
		{4BA8C695-3764-4FF1-8DE9-96AE4A206CBD}.Debug|Any CPU.ActiveCfg = Debug|Any CPU
		{4BA8C695-3764-4FF1-8DE9-96AE4A206CBD}.Debug|Any CPU.Build.0 = Debug|Any CPU
		{4BA8C695-3764-4FF1-8DE9-96AE4A206CBD}.Release|Any CPU.ActiveCfg = Release|Any CPU
		{4BA8C695-3764-4FF1-8DE9-96AE4A206CBD}.Release|Any CPU.Build.0 = Release|Any CPU
	EndGlobalSection
	GlobalSection(SolutionProperties) = preSolution
		HideSolutionNode = FALSE
	EndGlobalSection
	GlobalSection(ExtensibilityGlobals) = postSolution
		SolutionGuid = {3AF59124-8C6F-4E14-A7BD-5BF34C4FF011}
	EndGlobalSection
EndGlobal
