
Microsoft Visual Studio Solution File, Format Version 12.00
# Visual Studio 14
VisualStudioVersion = 14.0.23107.0
MinimumVisualStudioVersion = 10.0.40219.1
Project("{FAE04EC0-301F-11D3-BF4B-00C04F79EFBC}") = "SendKeys", "SendKeys\SendKeys.csproj", "{F0A66F63-9D17-4283-BF89-274F7EAEDD20}"
EndProject
Project("{FAE04EC0-301F-11D3-BF4B-00C04F79EFBC}") = "SendKeysTest", "SendKeysTest\SendKeysTest.csproj", "{4620D1B3-8684-4F85-A443-65532A98DC55}"
EndProject
Global
	GlobalSection(SolutionConfigurationPlatforms) = preSolution
		Debug|Any CPU = Debug|Any CPU
		Release|Any CPU = Release|Any CPU
	EndGlobalSection
	GlobalSection(ProjectConfigurationPlatforms) = postSolution
		{F0A66F63-9D17-4283-BF89-274F7EAEDD20}.Debug|Any CPU.ActiveCfg = Debug|Any CPU
		{F0A66F63-9D17-4283-BF89-274F7EAEDD20}.Debug|Any CPU.Build.0 = Debug|Any CPU
		{F0A66F63-9D17-4283-BF89-274F7EAEDD20}.Release|Any CPU.ActiveCfg = Release|Any CPU
		{F0A66F63-9D17-4283-BF89-274F7EAEDD20}.Release|Any CPU.Build.0 = Release|Any CPU
		{4620D1B3-8684-4F85-A443-65532A98DC55}.Debug|Any CPU.ActiveCfg = Debug|Any CPU
		{4620D1B3-8684-4F85-A443-65532A98DC55}.Debug|Any CPU.Build.0 = Debug|Any CPU
		{4620D1B3-8684-4F85-A443-65532A98DC55}.Release|Any CPU.ActiveCfg = Release|Any CPU
		{4620D1B3-8684-4F85-A443-65532A98DC55}.Release|Any CPU.Build.0 = Release|Any CPU
	EndGlobalSection
	GlobalSection(SolutionProperties) = preSolution
		HideSolutionNode = FALSE
	EndGlobalSection
EndGlobal
